{
  "name": "vue-aui-jira-extras",
  "version": "0.1.0",
  "lockfileVersion": 1,
  "requires": true,
  "dependencies": {
    "mime": {
      "version": "1.6.0",
      "resolved": "https://registry.npmjs.org/mime/-/mime-1.6.0.tgz",
      "integrity": "sha512-x0Vn8spI+wuJ1O6S7gnbaQg8Pxh4NNHb7KSINmEWKiPE4RKOplvijn+NkmYmmRgP68mc70j2EbeTFRsrswaQeg==",
      "dev": true
    },
    "opener": {
      "version": "1.4.3",
      "resolved": "https://registry.npmjs.org/opener/-/opener-1.4.3.tgz",
      "integrity": "sha1-XG2ixdflgx6P+jlklQ+NZnSskLg=",
      "dev": true
    },
    "rollup-plugin-serve": {
      "version": "0.4.2",
      "resolved": "https://registry.npmjs.org/rollup-plugin-serve/-/rollup-plugin-serve-0.4.2.tgz",
      "integrity": "sha512-lQX8/MSgWDrsbp8euBQKxJ9O2KxQerMVmStYi3zlP9jYL1v3OPtWyXbWNRfgeQTTNJtcQvaZglMGWw9YTLWw3A==",
      "dev": true,
      "requires": {
        "mime": "1.6.0",
        "opener": "1.4.3"
      }
    }
  }
}
